{
    "_meta": {
        "hash": {
            "sha256": "0b3949db6f29315ec0f7110819b762663c332d04ad222ab395d16b7d6d9e096f"
        },
        "pipfile-spec": 6,
        "requires": {
            "python_version": "3.7"
        },
        "sources": [
            {
                "name": "pypi",
                "url": "https://pypi.org/simple",
                "verify_ssl": true
            }
        ]
    },
    "default": {
        "fuzzywuzzy": {
            "extras": [
                "speedup"
            ],
            "hashes": [
                "sha256:5ac7c0b3f4658d2743aa17da53a55598144edbc5bee3c6863840636e6926f254",
                "sha256:6f49de47db00e1c71d40ad16da42284ac357936fa9b66bea1df63fed07122d62"
            ],
            "index": "pypi",
            "version": "==0.17.0"
        },
        "levenshtein": {
            "hashes": [
                "sha256:0385d69ccca8bc1a091e1071357b8610af758af8968ed32bedcedf96c51a6bb9",
                "sha256:07836b04b628f9db65f24c34bb63fb453723aadf00b45e093384108ec05ba545",
                "sha256:079a216a55a3735f59661e0b25ff3a2122e18a710682d88e0d7576bff594f547",
                "sha256:085e7a8f5d8a2d71790f2c16363dbd15bdc6b2d66bb12adfeef453d9436fc641",
                "sha256:0e8c505bfb2b64d4d14a6e9f9d115877d150a398a09a97b7827df4711f1e5b4b",
                "sha256:130404e7a917c3ba80879cd8fcdd6f6e84e2cdc3018cd225d95fea906be8d8fa",
                "sha256:1481916946b50c7c80d4d318e290392614a07f9fcc612aadf3c6ce2c685ccbe9",
                "sha256:153ff8e7491f80b72250cabce926922d3d4a623d0846602a3f4fef974c3e7f4d",
                "sha256:204e8454d9f0be127ae21f0ff05506ed6785937c78d4ed8597504283675fdd79",
                "sha256:24ffa06dd1a348b45584a192a86ff5ae8233d1c1cea4bd49fa9243485b8cf838",
                "sha256:2c38b1005e6b7fe62dfc50c56bd0b7fc85688a7197f6a116459a3107461472e2",
                "sha256:2c8995f69db76b6c9fc113dc65b9b17a1f04f718f2c18203f6c0ac84a07462c7",
                "sha256:2e3eb8e529cad2419d3f4bbb9f5fa0ea845c142b5e17a59c3f4ffe82b1ebfa29",
                "sha256:2ed457334940a0dff6617e86f7df6b3ff64aa9f5a0571c7bd889228f6a9863f6",
                "sha256:2f586f3b192805ee19fb56bed803d05966ef0edc544822e934bb106f688d427b",
                "sha256:3512354f28a13e680c5d7e83e9edc23afa5b807895db7933efb0be3fee3d50e1",
                "sha256:36a479f799613479871da1ed221b7099cb77caf5b060fa9eb916d5b90c0ae206",
                "sha256:3a57710c9c35cf41df77f4eb24ae5e9568a2d9fba3010ace657a8ec7d044c871",
                "sha256:3bf05b99f268330a833f4749b35bf84a31985ae2a52d228207efa3e2863ba832",
                "sha256:3f8d2d36c1d8ad9a699b1b41948c08161d4c645921ddb643b1d478b8457c859a",
                "sha256:404d30d0d4b36ea504b30c508107327fa06b2cdae88291d1864b236744858ac5",
                "sha256:43505eb89a80ea529c019391809c6fbf552eb5b4a5e34780c842b0f324d2b769",
                "sha256:438d95ca36c8d277fb0cb078eab227173e1a59c6742cdb6dd97f106106e38ffd",
                "sha256:4619c165f1fe1048fc22065290b779ac3903d0d75b0fb2c600abc3913993036c",
                "sha256:477265c6ba07bb01f96e64fe427ec51f63872dcb345f6340f5e5c7403e367282",
                "sha256:49bbdd707f435ad0c0e8c2727dd07233ff1db52ac607f9a67f18bf1eb275de66",
                "sha256:4d61ed0b452fb6456be49ab1b9b2f1d6366db611a8c71a2fecab37118010e6c5",
                "sha256:5201b798e0905adab04c8b9d6ff5dd6cae13456b3e390fcd099991ce4fd32967",
                "sha256:55baa3498b31ceb62b54e5278e6f5830b4748b4709fa291e91b7d022f9bef63a",
                "sha256:59a9067d5a9b63ec5ce7e23624dfe2c26438deecb3e46103fa68c72baef544ec",
                "sha256:59da44a59861f60b049178a56c9d723d7181c5e2e6adf04bf54120c2d1d589a1",
                "sha256:5bc69cbb75c502492666fd45b345e3f31a8a709b4019146cfc19f331fe1f6b38",
                "sha256:5d8cb2b06d8e7683c321e20740385545447cb2faf2286e2817ca03745354bf0c",
                "sha256:6456643a8c5de3ced585d9fd4fba8ae78a3b7860bed7a670f76e7a7865b34c78",
                "sha256:65dc11345ac7d4c13f2392ec3610c392498500a7ba6455408abdd129becea41f",
                "sha256:675a91e9020a24c53301de11cd4b9b9b07827f93e2ddb56187c7ba2eede58dbc",
                "sha256:6b3745a6c1dee2178feab4e37ee46669ea2a7b8122eb63803e96547fff9bf1fc",
                "sha256:6b7d71485f4bf92d5cddfdb91a82a0308a7a6b6a216887de44ecdab0c0495ca1",
                "sha256:6c587c15278877e6974f2899c2bc15e561f762a71c2b8d8771de88c650738d87",
                "sha256:6cf9c8a45ce9fd60ff0fcdd5cfa44c83f2d2a0188c9e85d7eef36579919cb574",
                "sha256:71f0c835dc7a8fd7a8b94374bb60ad238fbf7a4264f40868ec4d884130b8d96f",
                "sha256:72ac6ae6581a586ef7f325413d4f87c39dc5e50734c5731586c73c7f837af8fc",
                "sha256:73f9db6a178a926c15dd1a8c9ccd810407c3eaddbfc2145f68242b55e238fd85",
                "sha256:744d374f8227624028642d078ae4692f73e9e53b0ff87d25232e75abe842b00c",
                "sha256:7677c9abbeff907bbd7869e33e47874e6ecf6e4341298e968c9e3dbf4c344765",
                "sha256:76ee654d6a741e43039094c9c68396f952d48c4b74d4da1450c87b77db5a7f83",
                "sha256:7a9622d9bba7173df575cbfc4bc0a0d929d1733e1eeac85829e4f1ad21a24de5",
                "sha256:7b42a6470ee44e80332acc95ed55890d12b5f27676a942e0c268b0092569f06c",
                "sha256:7d8cb8a401633ff6210c2fe4cd5a1410b26cef47f42e0e1ab3563c5f94975c4c",
                "sha256:7dc85e9d8a74af873621d2b26e04aa1f41e02588a98dc859bc448e5c04aebb2a",
                "sha256:7fae73b02e929da1b52d988e54f029347fe9e5b024282c9492cfc4d8a951cd93",
                "sha256:828ceb9a947be03dded59d7d44fa8629ab7fc32185e460ada6355d23412ced7c",
                "sha256:8746be2afafdab5ffc05094b0a954cea4f95bcc3e2bd48dce04b5e51063aeefb",
                "sha256:8b6e23ec767c8985a381869d3cb3935f8e67e57b80cbbdb5986329bb75f348b5",
                "sha256:8dc2232dd6918aa3f6be80c9c620ce0a0e361b1b979a49d1e3fa831af224e721",
                "sha256:9039bbcdb306b74542e36aa72fd3afa16db67516bbab65cbfd7ad10480b13c64",
                "sha256:918a97459df93a8984355f91886f29dc97ddef85dfff185b38b1b748512411a1",
                "sha256:939b819874903a689863f3a552a90e1742ac342cda80f5d3e8adb42e1729d37e",
                "sha256:940c193991eb12922f76c422946f6c3d30ad144233c0b49dfa48e132a445cbcb",
                "sha256:94c773c9fb3a90cb7e191087beb06fb49b8d0452fb0f1abf27e9c644b19a0557",
                "sha256:96070d1a1c0d908d65cd9765a7b63ecafa8ef52d7a6460dccdf4d1bd29ad98fd",
                "sha256:97a5424784b4c0989b2ec227ae000e80b293d7cc1bd3b02866d7943a3cf6b65c",
                "sha256:98e741e54b7e66a63d92af04193b9d819b8f29292ccfcfd2cc6eee67ab2469f1",
                "sha256:9d1c2766a63f1231119d6744502913e432c33aa0ceb6fabc536a4fbffcc90a46",
                "sha256:9e8c5d97068fb4a78f5bfe0f5d8fa365867f2431f399f5df9dd2b741558c3684",
                "sha256:9ea2f847e209a463387b8e8d6743b1cd929e60fdce85d8ab19022ba6678546c5",
                "sha256:a66a3ef2e58ac7eb8f96ae8ba8b9aec34d1446865faaeab86d3559b9a0d422aa",
                "sha256:a8aac56e669a733e03c81b2e015dcd8d287db716bf2c6c9a480c4227300a7c52",
                "sha256:a8cc52849264d3aa6e16c9daca95a02d59e9496c86f18def7131413cfba617cc",
                "sha256:b134a8f6fa42355baf6687c7c6890f82672de95ea44fdb59f99696087ec19439",
                "sha256:b42f81d9fd1c89fe57f17288032b93020eff9ece58a2b8fbea77fc60bc321c11",
                "sha256:b6463f3bc2a426703b2b259c1d6aaa73bd0c3fc85492c0f4d5dfd60658271ee9",
                "sha256:b714581e760c79ff990d8196bd0978d9246427a93eefb1f9f1087b88e17c594d",
                "sha256:ba530885bc063ad90e8dff6d7e4cb55e523213ca1815a41ccc67a2efb405ad3b",
                "sha256:c09cb048098396a3ece6afe032cfdca0bb0fa49d5fb6b146d762e2d45274abba",
                "sha256:c4c1e802c746679c765c780fb0dce82af1cc000bc0bea9c37bd4d6d295ddd339",
                "sha256:c7b39b572cd3d2c2b8c5753246a52eda3cf3360f49de95e3f671062acc6caaf4",
                "sha256:cab33decf636cebb20bf90563e89eb500ccfb758b0af19630ce149606f0b130f",
                "sha256:caf6ad0c8c0780d78c3f5eb270fb8aa5820cf423057d252a1de6a79b1f07e76b",
                "sha256:d0f56896b12f4276a77e774be560d00bd6b173af1a5554554ed86a288ff111a4",
                "sha256:d140a0a450813ef8658f2a87d5c7d9ea2fff3f8b8d80e7ac80061b21c6a733f0",
                "sha256:d17615b69f01a7db2bd4269e14fdad71bc7c3f08ca7a366914f85b08341953a0",
                "sha256:d3e14702351d7c844aaef5fe1ffc53f590e4e6a17b12836517f9771379b0da49",
                "sha256:d5cba3eab536188f16115ab6ea5de1e19440c35bb01c817388e3696b811bca21",
                "sha256:d6b247b22703d1989cb97a0b26485db7a3397322d3975c974c22e10a1592a414",
                "sha256:d9ad1515424b708608596a1bf314781d240f5b4fd934528d2bf0c9d7d0620e78",
                "sha256:dae722ee22c610243d6fade46ce04ab16a36862b3edc732a60ccc57a4e9c6af8",
                "sha256:db71d6ea4f2412b06bec7ed697dd2efe4f42ff953db58354364902d8f29587a4",
                "sha256:dd2c3a10c7d5d1ddb181121d7a038918408efb92206519428bcee6fe6a9fec30",
                "sha256:df4ba85d1c2361b2591d8b8c01740ed9803a7c32d706f1015446f5f382c4b8ec",
                "sha256:e0963497f51ff5aa73447173178daefff4a80e4165c2575d1357503c030f0a6b",
                "sha256:e21df20e8d8df9be6b33ed013852ba6a317d139d11647f8b241c894c8b76d523",
                "sha256:e48dd2f143f2236717a7604fed2dc2e078b96a0c3881e490f258a5f4bde11324",
                "sha256:e614c3d02693f2355c42638753c4de7f5682265691a8bd7fd7d7e1fb6372f7e2",
                "sha256:e8ecf0a10823ca4c90c42adb79478a845ea4979a751f32bc7cdb3b32e39e9c7f",
                "sha256:ede6b8eaeb73aff5714459cbf5c18345fc40ca90b1885bd7e5cf0c27d99f118a",
                "sha256:ef65c16113028688353b10d159b6f12a6a471890ea6aa466a0626cd11c9239a5",
                "sha256:f71e89af67e7eb8eed11178711cc23e151e29fe488017cfc56a0a644c5e5d19d",
                "sha256:f7e4be20d10ffd24723363d4796ea78371c73d961725d7663381bbfa07ad086a",
                "sha256:f87c9ed45e05fb9ad800560e3c063b1945cda981b6f92b1abfefb603b8f9113a",
                "sha256:feaf0ae11827a917cdb314f189c711e0fb2b677f4e69e2c61276a65f2209ac4e",
                "sha256:ff3e7e6a58892ee30f90507a4da1d316e0c3e8e3f1f70b694eeedc397a3d0802"
            ],
            "markers": "python_version >= '3.6'",
            "version": "==0.20.8"
        },
        "numpy": {
            "hashes": [
                "sha256:1dbe1c91269f880e364526649a52eff93ac30035507ae980d2fed33aaee633ac",
                "sha256:357768c2e4451ac241465157a3e929b265dfac85d9214074985b1786244f2ef3",
                "sha256:3820724272f9913b597ccd13a467cc492a0da6b05df26ea09e78b171a0bb9da6",
                "sha256:4391bd07606be175aafd267ef9bea87cf1b8210c787666ce82073b05f202add1",
                "sha256:4aa48afdce4660b0076a00d80afa54e8a97cd49f457d68a4342d188a09451c1a",
                "sha256:58459d3bad03343ac4b1b42ed14d571b8743dc80ccbf27444f266729df1d6f5b",
                "sha256:5c3c8def4230e1b959671eb959083661b4a0d2e9af93ee339c7dada6759a9470",
                "sha256:5f30427731561ce75d7048ac254dbe47a2ba576229250fb60f0fb74db96501a1",
                "sha256:643843bcc1c50526b3a71cd2ee561cf0d8773f062c8cbaf9ffac9fdf573f83ab",
                "sha256:67c261d6c0a9981820c3a149d255a76918278a6b03b6a036800359aba1256d46",
                "sha256:67f21981ba2f9d7ba9ade60c9e8cbaa8cf8e9ae51673934480e45cf55e953673",
                "sha256:6aaf96c7f8cebc220cdfc03f1d5a31952f027dda050e5a703a0d1c396075e3e7",
                "sha256:7c4068a8c44014b2d55f3c3f574c376b2494ca9cc73d2f1bd692382b6dffe3db",
                "sha256:7c7e5fa88d9ff656e067876e4736379cc962d185d5cd808014a8a928d529ef4e",
                "sha256:7f5ae4f304257569ef3b948810816bc87c9146e8c446053539947eedeaa32786",
                "sha256:82691fda7c3f77c90e62da69ae60b5ac08e87e775b09813559f8901a88266552",
                "sha256:8737609c3bbdd48e380d463134a35ffad3b22dc56295eff6f79fd85bd0eeeb25",
                "sha256:9f411b2c3f3d76bba0865b35a425157c5dcf54937f82bbeb3d3c180789dd66a6",
                "sha256:a6be4cb0ef3b8c9250c19cc122267263093eee7edd4e3fa75395dfda8c17a8e2",
                "sha256:bcb238c9c96c00d3085b264e5c1a1207672577b93fa666c3b14a45240b14123a",
                "sha256:bf2ec4b75d0e9356edea834d1de42b31fe11f726a81dfb2c2112bc1eaa508fcf",
                "sha256:d136337ae3cc69aa5e447e78d8e1514be8c3ec9b54264e680cf0b4bd9011574f",
                "sha256:d4bf4d43077db55589ffc9009c0ba0a94fa4908b9586d6ccce2e0b164c86303c",
                "sha256:d6a96eef20f639e6a97d23e57dd0c1b1069a7b4fd7027482a4c5c451cd7732f4",
                "sha256:d9caa9d5e682102453d96a0ee10c7241b72859b01a941a397fd965f23b3e016b",
                "sha256:dd1c8f6bd65d07d3810b90d02eba7997e32abbdf1277a481d698969e921a3be0",
                "sha256:e31f0bb5928b793169b87e3d1e070f2342b22d5245c755e2b81caa29756246c3",
                "sha256:ecb55251139706669fdec2ff073c98ef8e9a84473e51e716211b41aa0f18e656",
                "sha256:ee5ec40fdd06d62fe5d4084bef4fd50fd4bb6bfd2bf519365f569dc470163ab0",
                "sha256:f17e562de9edf691a42ddb1eb4a5541c20dd3f9e65b09ded2beb0799c0cf29bb",
                "sha256:fdffbfb6832cd0b300995a2b08b8f6fa9f6e856d562800fea9182316d99c4e8e"
            ],
            "markers": "python_version < '3.11' and python_version >= '3.7'",
            "version": "==1.21.6"
        },
        "opencv-python": {
            "hashes": [
                "sha256:1703a296a96d3d46615e5053f224867977accb4240bcaa0fcabcb0768bf5ac13",
                "sha256:1777ce7535ee7a1995cae168a107a1320e9df13648b930e72a1a2c2eccd64cda",
                "sha256:1e5520482fb18fbd64d079e7f17ac0018f195fd75f6360a53bb82d7903106b50",
                "sha256:25522dcf2529614750a71112a6659759080b4bdc2323f19d47f4d895960fd796",
                "sha256:2af5f2842ad44c65ae2647377e0ff198719e1a1cfc9c6a19bc0c525c035d4bd8",
                "sha256:31ec48d7eca13fc25c287dea7cecab453976e372cad8f50d55c054a247efda21",
                "sha256:47cf48ff5dbd554e9f58cc9e98cf0b5de3f6a971172612bffa06bc5fb79ce872",
                "sha256:494f98366bb5d6c2ac7e50e6617139f353704fd97a6d12ec9d392e72817d5cb0",
                "sha256:4a9845870739e640e3350a8d98d511c92c087fe3d66090e83be7bf94e0ac64f7",
                "sha256:4ac29cc0847d948a6636899014e84e165c30cc8779d6218394d44363462a01ce",
                "sha256:5857ace03b7854221abf8072462d306c2c2ce4e366190b21d90ee8ee8aaf5bb4",
                "sha256:5b4a23d99d5a2874767034466f5a8fd37b9f93ac14955a01b1a208983c76b9ad",
                "sha256:734d87a5021c037064beb62133e135e66c7128e401a63b8b842b809ae2093749",
                "sha256:78005c1c5d15ef4e32e0f485557bd15b5b6d87f49c19db7fe3e9246a61ebe7e4",
                "sha256:81ae2283225c5c52fc3d72debd4241c30ccff2bb922578bf7867f9851cce3acb",
                "sha256:88dbf900f297fdae0f62b899d6a784d8868ec2135854c5f8a9abbad00a6f0c5b",
                "sha256:8c98ea7b8d327a31cd6028782a06147d0e0329ae8e829e881fb5d02f7ed8aec9",
                "sha256:937d4686fef6967921145290f5b50c01c00c5b5d3542a6519e8a85cd88448723",
                "sha256:a057958c0e362b3c4f03b9af1cbdb6d5af035fd22ecd7fd794eba8fdeb049eb8",
                "sha256:c41eab31fa2c641226c6187caa391a688d064c99f078d604574f1912296b771f",
                "sha256:cf4f7e62d1f80d1fa85a1693a3500def5cde54b2b75212b3609e552e4c25acfb",
                "sha256:d90d60143e18334330c149f293071c9f2f3c79c896f33dc4ec65099e58baaaa7",
                "sha256:db3106b7ca86999a7bd1f2fcc93e49314e5e6e451356774e421a69428df5020b",
                "sha256:dbaf264db56f4771dfac6624f438bc4dc670aa94f61a6138848fcab7e9e77380",
                "sha256:e65206c4cf651dc9cf0829962fae8bec986767c9f123d6a1ad17f9356bf7257e",
                "sha256:eac94ddc78c58e891cff7180274317dad2938a4ddfc6ced1c04846c7f50e77e9",
                "sha256:f2e828711f044a965509c862b3a59b3181e9c56c145a950cb53d43fec54e66d2"
            ],
            "index": "pypi",
            "version": "==4.1.0.25"
        },
        "pillow": {
            "hashes": [
                "sha256:03150abd92771742d4a8cd6f2fa6246d847dcd2e332a18d0c15cc75bf6703040",
                "sha256:073adb2ae23431d3b9bcbcff3fe698b62ed47211d0716b067385538a1b0f28b8",
                "sha256:0b07fffc13f474264c336298d1b4ce01d9c5a011415b79d4ee5527bb69ae6f65",
                "sha256:0b7257127d646ff8676ec8a15520013a698d1fdc48bc2a79ba4e53df792526f2",
                "sha256:12ce4932caf2ddf3e41d17fc9c02d67126935a44b86df6a206cf0d7161548627",
                "sha256:15c42fb9dea42465dfd902fb0ecf584b8848ceb28b41ee2b58f866411be33f07",
                "sha256:18498994b29e1cf86d505edcb7edbe814d133d2232d256db8c7a8ceb34d18cef",
                "sha256:1c7c8ae3864846fc95f4611c78129301e203aaa2af813b703c55d10cc1628535",
                "sha256:22b012ea2d065fd163ca096f4e37e47cd8b59cf4b0fd47bfca6abb93df70b34c",
                "sha256:276a5ca930c913f714e372b2591a22c4bd3b81a418c0f6635ba832daec1cbcfc",
                "sha256:2e0918e03aa0c72ea56edbb00d4d664294815aa11291a11504a377ea018330d3",
                "sha256:3033fbe1feb1b59394615a1cafaee85e49d01b51d54de0cbf6aa8e64182518a1",
                "sha256:3168434d303babf495d4ba58fc22d6604f6e2afb97adc6a423e917dab828939c",
                "sha256:32a44128c4bdca7f31de5be641187367fe2a450ad83b833ef78910397db491aa",
                "sha256:3dd6caf940756101205dffc5367babf288a30043d35f80936f9bfb37f8355b32",
                "sha256:40e1ce476a7804b0fb74bcfa80b0a2206ea6a882938eaba917f7a0f004b42502",
                "sha256:41e0051336807468be450d52b8edd12ac60bebaa97fe10c8b660f116e50b30e4",
                "sha256:4390e9ce199fc1951fcfa65795f239a8a4944117b5935a9317fb320e7767b40f",
                "sha256:502526a2cbfa431d9fc2a079bdd9061a2397b842bb6bc4239bb176da00993812",
                "sha256:51e0e543a33ed92db9f5ef69a0356e0b1a7a6b6a71b80df99f1d181ae5875636",
                "sha256:57751894f6618fd4308ed8e0c36c333e2f5469744c34729a27532b3db106ee20",
                "sha256:5d77adcd56a42d00cc1be30843d3426aa4e660cab4a61021dc84467123f7a00c",
                "sha256:655a83b0058ba47c7c52e4e2df5ecf484c1b0b0349805896dd350cbc416bdd91",
                "sha256:68943d632f1f9e3dce98908e873b3a090f6cba1cbb1b892a9e8d97c938871fbe",
                "sha256:6c738585d7a9961d8c2821a1eb3dcb978d14e238be3d70f0a706f7fa9316946b",
                "sha256:73bd195e43f3fadecfc50c682f5055ec32ee2c933243cafbfdec69ab1aa87cad",
                "sha256:772a91fc0e03eaf922c63badeca75e91baa80fe2f5f87bdaed4280662aad25c9",
                "sha256:77ec3e7be99629898c9a6d24a09de089fa5356ee408cdffffe62d67bb75fdd72",
                "sha256:7db8b751ad307d7cf238f02101e8e36a128a6cb199326e867d1398067381bff4",
                "sha256:801ec82e4188e935c7f5e22e006d01611d6b41661bba9fe45b60e7ac1a8f84de",
                "sha256:82409ffe29d70fd733ff3c1025a602abb3e67405d41b9403b00b01debc4c9a29",
                "sha256:828989c45c245518065a110434246c44a56a8b2b2f6347d1409c787e6e4651ee",
                "sha256:829f97c8e258593b9daa80638aee3789b7df9da5cf1336035016d76f03b8860c",
                "sha256:871b72c3643e516db4ecf20efe735deb27fe30ca17800e661d769faab45a18d7",
                "sha256:89dca0ce00a2b49024df6325925555d406b14aa3efc2f752dbb5940c52c56b11",
                "sha256:90fb88843d3902fe7c9586d439d1e8c05258f41da473952aa8b328d8b907498c",
                "sha256:97aabc5c50312afa5e0a2b07c17d4ac5e865b250986f8afe2b02d772567a380c",
                "sha256:9aaa107275d8527e9d6e7670b64aabaaa36e5b6bd71a1015ddd21da0d4e06448",
                "sha256:9f47eabcd2ded7698106b05c2c338672d16a6f2a485e74481f524e2a23c2794b",
                "sha256:a0a06a052c5f37b4ed81c613a455a81f9a3a69429b4fd7bb913c3fa98abefc20",
                "sha256:ab388aaa3f6ce52ac1cb8e122c4bd46657c15905904b3120a6248b5b8b0bc228",
                "sha256:ad58d27a5b0262c0c19b47d54c5802db9b34d38bbf886665b626aff83c74bacd",
                "sha256:ae5331c23ce118c53b172fa64a4c037eb83c9165aba3a7ba9ddd3ec9fa64a699",
                "sha256:af0372acb5d3598f36ec0914deed2a63f6bcdb7b606da04dc19a88d31bf0c05b",
                "sha256:afa4107d1b306cdf8953edde0534562607fe8811b6c4d9a486298ad31de733b2",
                "sha256:b03ae6f1a1878233ac620c98f3459f79fd77c7e3c2b20d460284e1fb370557d4",
                "sha256:b0915e734b33a474d76c28e07292f196cdf2a590a0d25bcc06e64e545f2d146c",
                "sha256:b4012d06c846dc2b80651b120e2cdd787b013deb39c09f407727ba90015c684f",
                "sha256:b472b5ea442148d1c3e2209f20f1e0bb0eb556538690fa70b5e1f79fa0ba8dc2",
                "sha256:b59430236b8e58840a0dfb4099a0e8717ffb779c952426a69ae435ca1f57210c",
                "sha256:b90f7616ea170e92820775ed47e136208e04c967271c9ef615b6fbd08d9af0e3",
                "sha256:b9a65733d103311331875c1dca05cb4606997fd33d6acfed695b1232ba1df193",
                "sha256:bac18ab8d2d1e6b4ce25e3424f709aceef668347db8637c2296bcf41acb7cf48",
                "sha256:bca31dd6014cb8b0b2db1e46081b0ca7d936f856da3b39744aef499db5d84d02",
                "sha256:be55f8457cd1eac957af0c3f5ece7bc3f033f89b114ef30f710882717670b2a8",
                "sha256:c7025dce65566eb6e89f56c9509d4f628fddcedb131d9465cacd3d8bac337e7e",
                "sha256:c935a22a557a560108d780f9a0fc426dd7459940dc54faa49d83249c8d3e760f",
                "sha256:dbb8e7f2abee51cef77673be97760abff1674ed32847ce04b4af90f610144c7b",
                "sha256:e6ea6b856a74d560d9326c0f5895ef8050126acfdc7ca08ad703eb0081e82b74",
                "sha256:ebf2029c1f464c59b8bdbe5143c79fa2045a581ac53679733d3a91d400ff9efb",
                "sha256:f1ff2ee69f10f13a9596480335f406dd1f70c3650349e2be67ca3139280cade0"
            ],
            "index": "pypi",
            "version": "==9.3.0"
        },
        "pytesseract": {
            "hashes": [
                "sha256:11c20321595b6e2e904b594633edf1a717212b13bac7512986a2d807b8849770"
            ],
            "index": "pypi",
            "version": "==0.2.6"
        },
        "python-levenshtein": {
            "hashes": [
                "sha256:a932f149c72d2707963947ba9df9729ac36983d2e9db4eb93e4d5b69a8899070",
                "sha256:c2d68fc480394ef87e20097d9c1605ae101340f0a8060c518eacd2e634b190f8"
            ],
            "version": "==0.20.8"
        },
        "rapidfuzz": {
            "hashes": [
                "sha256:026f6ecd8948e168a89fc015ef34b6bcb200f30ac33f1480554d722181b38bea",
                "sha256:0c324d82871fe50471f7ba38a21c3e68167e868f541f57ac0ef23c053bbef6e6",
                "sha256:0f186b3a32d78af7a805584a7e1c2fdf6f6fd62939936e4f3df869158c147a55",
                "sha256:12ece1a4d024297afa4b76d2ce71c2c65fc7eaa487a9ae9f6e17c160253cfd23",
                "sha256:13e175b1643306558a3d7604789c4a8c217a64406fe82bf1a9e52efb5dea53ae",
                "sha256:1c67007161655c59e13bba130a2db29d7c9e5c81bcecb8846a3dd7386065eb24",
                "sha256:1e1dd1a328464dd2ae70f0e31ec403593fbb1b254bab7ac9f0cd08ba71c797d0",
                "sha256:1f363bf95d79dbafa8eac17697965e02e74da6f21b231b3fb808b2185bfed337",
                "sha256:2345656b30d7e18d18a4df5b765e4059111860a69bf3a36608a7d625e92567e6",
                "sha256:26e4b7f7941b92546a9b06ed75b40b5d7ceace8f3074d06cb3369349388d700d",
                "sha256:27bbdee91718019e251d315c6e9b03aa5b7663b90e4228ac1ddb0a567ff3634b",
                "sha256:2b491f2fac36718247070c3343f53aadbbe8684f3e0cf3b6cce1bd099e1d05cb",
                "sha256:2c66f3b8e93cdc3063ffd7224cad84951834d9434ffd27fa3fabad2e942ddab7",
                "sha256:31370273787dca851e2df6f32f1ec8c61f86e9bbeb1cc42787020b6dfff952fd",
                "sha256:343fe1fcbbf55c994b22962bfb46f6b6903faeac5a2671b2f0fa5e3664de3e66",
                "sha256:3479a2fd88504cc41eb707650e81fd7ce864f2418fee24f7224775b539536b39",
                "sha256:352c920e166e838bc560014885ba979df656938fcc29a12c73ff06dc76b150d8",
                "sha256:378554acdcf8370cc5c777b1312921a2a670f68888e999ea1305599c55b67f5d",
                "sha256:37a9a8f5737b8e429291148be67d2dd8ba779a69a87ad95d2785bb3d80fd1df7",
                "sha256:3a4e87aae287d757d9c5b045c819c985b02b38dea3f75630cc24d53826e640be",
                "sha256:3aacc4eb58d6bccf6ec571619bee35861d4103961b9873d9b0829d347ca8a63e",
                "sha256:3f93a6740fef239a8aca6521cc1891d448664115b53528a3dd7f95c1781a5fa6",
                "sha256:41610c3a9be4febcbcac2b69b2f45d0da33e39d1194e5ffa3dd3a104d5a67a70",
                "sha256:4291a8c02d32aa6ebdffe63cf91abc2846383de95ae04a275f036c4e7a27f9ba",
                "sha256:47b5b227dc0bd53530dda55f344e1b24087fa99bb1bd7fceb6f5a2b1e2831ad4",
                "sha256:4b785ffbc16795fca27c9e899993df7721d886249061689c48dbfe60fa7d02a1",
                "sha256:4e5afd5477332ceeb960e2002d5bb0b04ad00b40037a0ab1de9916041badcf00",
                "sha256:54fe1835f96c1033cdb7e4677497e784704c81d028c962d2222239ded93d978b",
                "sha256:580f32cda7f911fef8266c7d811e580c18734cd12308d099b9975b914f33fcaf",
                "sha256:5c065a83883af2a9a0303b6c06844a700af0db97ff6dc894324f656ad8efe405",
                "sha256:68f2e23eec59fc77bef164157889a2f7fb9800c47d615c58ee3809e2be3c8509",
                "sha256:6a4053d5b62cedec83ff67d55e50da35f7736bed0a3b2af51fa6143f5fef3785",
                "sha256:6b68b6a12411cfacca16ace22d42ae8e9946315d79f49c6c97089789c235e795",
                "sha256:6bee1065d55edfeabdb98211bb673cb44a8b118cded42d743f7d59c07b05a80d",
                "sha256:773c60a5368a361253efea194552ff9ed6879756f6feb71b61b514723f8cb726",
                "sha256:791d90aa1c68b5485f6340a8dc485aba7e9bcb729572449174ded0692e7e7ad0",
                "sha256:7adb4327453c1550f51d6ba13d718a84091f82230c1d0daca6db628e57d0fa5a",
                "sha256:80073e897af0669f496d23899583b5c2f0decc2ec06aa7c36a3b8fb16eda5e0e",
                "sha256:83b1e8aca6c3fad058d8a2b7653b7496df0c4aca903d589bb0e4184868290767",
                "sha256:83ff31d33c1391a0a6b23273b7f839dc8f7b5fb75ddca59ce4f334b83ca822bb",
                "sha256:84fd3cfc1cb872019e60a3844b1deedb176de0b9ded11bf30147137ac65185f5",
                "sha256:8d4f94b408c9f9218d61e8af55e43c8102f813eea2cf82de10906b032ddcb9aa",
                "sha256:8d6d5ab0f12f2d7ae6aad77af67ae6253b6c1d54c320484f1acd2fce38b39ac2",
                "sha256:8d9d081cd8e0110661c8a3e728d7b491a903bb54d34de40b17d19144563bd5f6",
                "sha256:8f0574d5d97722cfaf51b7dd667c8c836fa9fdf5a7d8158a787b98ee2788f6c5",
                "sha256:8f09a16ae84b1decb9df9a7e393ec84a0b2a11da6356c3eedcf86da8cabe3071",
                "sha256:91c049f7591d9e9f8bcc3c556c0c4b448223f564ad04511a8719d28f5d38daed",
                "sha256:94d8c65f48665f82064bea8a48ff185409a309ba396f5aec3a846831cbe36e6d",
                "sha256:98be3e873c8f9d90a982891b2b061521ba4e5e49552ba2d3c1b0806dd5677f88",
                "sha256:9a740ddd3f7725c80e500f16b1b02b83a58b47164c0f3ddd9379208629c8c4b5",
                "sha256:9abdffc590ef08d27dfd14d32e571f4a0f5f797f433f00c5faf4cf56ab62792a",
                "sha256:a0ec73e6d3ad9442cfb5b94c137cf4241fff2860d81a9ee8be8c3d987bb400c0",
                "sha256:a181b6ef9b480b56b29bdc58dc50c198e93d33398d2f8e57da05cbddb095bd9e",
                "sha256:a2eeee09ff716c8ff75942c1b93f0bca129590499f1127cbeb1b5cefbdc0c3d5",
                "sha256:a599cc5cec196c0776faf65b74ac957354bd036f878905a16be9e20884870d02",
                "sha256:aa96955f2878116239db55506fe825f574651a8893d07a83de7b3c76a2f0386e",
                "sha256:ac6a8a34f858f3862798383f51012788df6be823e2874fa426667a4da94ded7e",
                "sha256:ac95981911559c842e1e4532e2f89ca255531db1d87257e5e69cd8c0c0d585fc",
                "sha256:ad78fb90540dc752b532345065146371acd3804a917c31fdd8a337951da9def2",
                "sha256:aee5dce78e157e503269121ad6f886acab4b1ab3e3956bcdf0549d54596eab57",
                "sha256:b27c3e2b1789a635b9df1d74838ae032dc2dbc596ece5d89f9de2c37ba0a6dfe",
                "sha256:b4162b96d0908cb0ca218513eab559e9a77c8a1d9705c9133813634d9db27f4f",
                "sha256:b4df886481ca27a6d53d30a73625fb86dd308cf7d6d99d32e0dfbfcc8e8a75b9",
                "sha256:b51d45cb9ed81669206e338413ba224c06a8900ab0cc9106f4750ac73dc687bb",
                "sha256:b6a0617ba60f81a8df3b9ddca09f591a0a0c8269402169825fcd50daa03e5c25",
                "sha256:ba2a8fbd21079093118c40e8e80068750c1619a5988e54220ea0929de48e7d65",
                "sha256:ba3f47a5b82de7304ae08e2a111ccc90a6ea06ecc3f25d7870d08be0973c94cb",
                "sha256:c40acbadc965e72f1b44b3c665a59ec78a5e959757e52520bf73687c84ce6854",
                "sha256:cb4bd75518838b141dab8fe663de988c4d08502999068dc0b3949d43bd86ace6",
                "sha256:ce40c2a68fe28e05a4f66229c11885ef928086fbcd2eff086decdacfe5254da9",
                "sha256:d6cb51a8459e7160366c6c7b31e8f9a671f7d617591c0ad305f2697707061da2",
                "sha256:da5b7f35fc824cff36a2baa62486d5b427bf0fd7714c19704b5a7df82c2950b4",
                "sha256:daf5e4f6b048c225a494c941a21463a0d397c39a080db8fece9b3136297ed240",
                "sha256:dbad2b7dad98b854a468d2c6a0b11464f68ce841428aded2f24f201a17a144eb",
                "sha256:dd268701bf930bbb2d12f6f7f75c681e16fee646ea1663d258e825bf919ca7a1",
                "sha256:de707808f1997574014d9ba87c2d9f8a619688d615520e3dce958bf4398514c7",
                "sha256:de8ec700127b645b0e2e28e694a2bba6dcb6a305ef080ad312f3086d47fb6973",
                "sha256:deaf26cc23cfbf90650993108de888533635b981a7157a0234b4753527ac6e5c",
                "sha256:e038e187270cbb987cf7c5d4b574fce7a32bc3d9593e9346d129874a7dc08dc3",
                "sha256:e1e569953a2abe945f116a6c22b71e8fc02d7c27068af2af40990115f25c93e4",
                "sha256:e39ae60598ed533f513db6d0370755685666024ab187a144fc688dd16cfa2d33",
                "sha256:e49f412fe58c793af61b04fb5536534dfc95000b6c2bf0bfa42fcf7eb1453d42",
                "sha256:e8d71f1611431c445ced872b303cd61f215551a11df0c7171e5993bed84867d5",
                "sha256:ed0f99e0037b7f9f7117493e8723851c9eece4629906b2d5da21d3ef124149a2",
                "sha256:eead76c172ba08d49ea621016cf84031fff1ee33d7db751d7003e491e55e66af",
                "sha256:f5d07dca69bf5a9f1e1cd5756ded6c197a27e8d8f2d8a3d99565add37a3bd1ec",
                "sha256:f5d93e77881497f76e77056feea4c375732d27151151273d6e4cb8a1defbf17a",
                "sha256:f7cfc25d8143a7570f5e4c9da072a1e1c335d81a6926eb10c1fd3f637fa3c022",
                "sha256:fb896fafa206db4d55f4412135c3ae28fbc56b8afc476970d0c5f29d2ce50948"
            ],
            "markers": "python_version >= '3.7'",
            "version": "==2.13.2"
        }
    },
    "develop": {}
}
